# This file is automatically @generated by Cargo.
# It is not intended for manual editing.
version = 4

[[package]]
name = "dgc"
version = "0.1.0"

[[package]]
name = "dgc_ast"
version = "0.0.0"

[[package]]
name = "dgc_diag"
version = "0.0.0"

[[package]]
name = "dgc_lexer"
version = "0.0.0"

[[package]]
name = "dgc_parse"
version = "0.0.0"
